
Microsoft Visual Studio Solution File, Format Version 12.00
# Visual Studio Version 16
VisualStudioVersion = 16.0.30611.23
MinimumVisualStudioVersion = 10.0.40219.1
Project("{FAE04EC0-301F-11D3-BF4B-00C04F79EFBC}") = "AuthSample", "AuthSample\AuthSample.csproj", "{CFBF8F78-9048-4626-9D26-BC9CB4F97E6D}"
EndProject
Global
	GlobalSection(SolutionConfigurationPlatforms) = preSolution
		Debug|Any CPU = Debug|Any CPU
		Release|Any CPU = Release|Any CPU
	EndGlobalSection
	GlobalSection(ProjectConfigurationPlatforms) = postSolution
		{CFBF8F78-9048-4626-9D26-BC9CB4F97E6D}.Debug|Any CPU.ActiveCfg = Debug|Any CPU
		{CFBF8F78-9048-4626-9D26-BC9CB4F97E6D}.Debug|Any CPU.Build.0 = Debug|Any CPU
		{CFBF8F78-9048-4626-9D26-BC9CB4F97E6D}.Release|Any CPU.ActiveCfg = Release|Any CPU
		{CFBF8F78-9048-4626-9D26-BC9CB4F97E6D}.Release|Any CPU.Build.0 = Release|Any CPU
	EndGlobalSection
	GlobalSection(SolutionProperties) = preSolution
		HideSolutionNode = FALSE
	EndGlobalSection
	GlobalSection(ExtensibilityGlobals) = postSolution
		SolutionGuid = {EDABF673-B118-4BFA-90F2-949E1A97F93E}
	EndGlobalSection
EndGlobal
